
Microsoft Visual Studio Solution File, Format Version 12.00
# Visual Studio Version 17
VisualStudioVersion = 17.9.34723.18
MinimumVisualStudioVersion = 10.0.40219.1
Project("{FAE04EC0-301F-11D3-BF4B-00C04F79EFBC}") = "Library_managment_system_API", "Library_managment_system_API\Library_managment_system_API.csproj", "{12A3E064-1F47-4B6A-8204-1C3432D2F921}"
EndProject
Global
	GlobalSection(SolutionConfigurationPlatforms) = preSolution
		Debug|Any CPU = Debug|Any CPU
		Release|Any CPU = Release|Any CPU
	EndGlobalSection
	GlobalSection(ProjectConfigurationPlatforms) = postSolution
		{12A3E064-1F47-4B6A-8204-1C3432D2F921}.Debug|Any CPU.ActiveCfg = Debug|Any CPU
		{12A3E064-1F47-4B6A-8204-1C3432D2F921}.Debug|Any CPU.Build.0 = Debug|Any CPU
		{12A3E064-1F47-4B6A-8204-1C3432D2F921}.Release|Any CPU.ActiveCfg = Release|Any CPU
		{12A3E064-1F47-4B6A-8204-1C3432D2F921}.Release|Any CPU.Build.0 = Release|Any CPU
	EndGlobalSection
	GlobalSection(SolutionProperties) = preSolution
		HideSolutionNode = FALSE
	EndGlobalSection
	GlobalSection(ExtensibilityGlobals) = postSolution
		SolutionGuid = {C8188A5D-3F3C-49B3-9C42-962491863E56}
	EndGlobalSection
EndGlobal
